// !$*UTF8*$!
{
	archiveVersion = 1;
	classes = {
	};
	objectVersion = 46;
	objects = {

/* Begin PBXBuildFile section */
		29F752947D078B4EE173F834 /* Pods_iShopApp.framework in Frameworks */ = {isa = PBXBuildFile; fileRef = 06BEA2573591AE71DA4D2396 /* Pods_iShopApp.framework */; };
		8E08325C1E7579F0001F6B64 /* AppDelegate.swift in Sources */ = {isa = PBXBuildFile; fileRef = 8E08325B1E7579F0001F6B64 /* AppDelegate.swift */; };
		8E08325E1E7579F0001F6B64 /* LoginVC.swift in Sources */ = {isa = PBXBuildFile; fileRef = 8E08325D1E7579F0001F6B64 /* LoginVC.swift */; };
		8E0832611E7579F0001F6B64 /* Main.storyboard in Resources */ = {isa = PBXBuildFile; fileRef = 8E08325F1E7579F0001F6B64 /* Main.storyboard */; };
		8E0832631E7579F0001F6B64 /* Assets.xcassets in Resources */ = {isa = PBXBuildFile; fileRef = 8E0832621E7579F0001F6B64 /* Assets.xcassets */; };
		8E0832661E7579F0001F6B64 /* LaunchScreen.storyboard in Resources */ = {isa = PBXBuildFile; fileRef = 8E0832641E7579F0001F6B64 /* LaunchScreen.storyboard */; };
		8E08326F1E757B26001F6B64 /* RemachineScript_Personal_Use.ttf in Resources */ = {isa = PBXBuildFile; fileRef = 8E08326E1E757B26001F6B64 /* RemachineScript_Personal_Use.ttf */; };
		8E0832741E757B36001F6B64 /* DroidSerif-Bold.ttf in Resources */ = {isa = PBXBuildFile; fileRef = 8E0832701E757B36001F6B64 /* DroidSerif-Bold.ttf */; };
		8E0832751E757B36001F6B64 /* DroidSerif-BoldItalic.ttf in Resources */ = {isa = PBXBuildFile; fileRef = 8E0832711E757B36001F6B64 /* DroidSerif-BoldItalic.ttf */; };
		8E0832761E757B36001F6B64 /* DroidSerif-Italic.ttf in Resources */ = {isa = PBXBuildFile; fileRef = 8E0832721E757B36001F6B64 /* DroidSerif-Italic.ttf */; };
		8E0832771E757B36001F6B64 /* DroidSerif-Regular.ttf in Resources */ = {isa = PBXBuildFile; fileRef = 8E0832731E757B36001F6B64 /* DroidSerif-Regular.ttf */; };
		8E2049891E76B1C100FF0DE4 /* MainVC.swift in Sources */ = {isa = PBXBuildFile; fileRef = 8E2049881E76B1C100FF0DE4 /* MainVC.swift */; };
		8E724CBA1E793EEC00984B69 /* WomenVC.swift in Sources */ = {isa = PBXBuildFile; fileRef = 8E724CB91E793EEC00984B69 /* WomenVC.swift */; };
		8E724CBC1E79407100984B69 /* WomenItemsCell.swift in Sources */ = {isa = PBXBuildFile; fileRef = 8E724CBB1E79407100984B69 /* WomenItemsCell.swift */; };
		8E724CBF1E79414000984B69 /* DataService.swift in Sources */ = {isa = PBXBuildFile; fileRef = 8E724CBE1E79414000984B69 /* DataService.swift */; };
		8E724CC11E79429500984B69 /* Item.swift in Sources */ = {isa = PBXBuildFile; fileRef = 8E724CC01E79429500984B69 /* Item.swift */; };
		8E76A3871E769403009EE371 /* RegisterVC.swift in Sources */ = {isa = PBXBuildFile; fileRef = 8E76A3861E769403009EE371 /* RegisterVC.swift */; };
		8E76A38C1E769CF7009EE371 /* SWRevealViewController.m in Sources */ = {isa = PBXBuildFile; fileRef = 8E76A38B1E769CF7009EE371 /* SWRevealViewController.m */; };
		8EE9256B1E76BE1E005DDDB3 /* ImageCollectionCell.swift in Sources */ = {isa = PBXBuildFile; fileRef = 8EE9256A1E76BE1E005DDDB3 /* ImageCollectionCell.swift */; };
		8EE9256D1E76CF65005DDDB3 /* Featured.swift in Sources */ = {isa = PBXBuildFile; fileRef = 8EE9256C1E76CF65005DDDB3 /* Featured.swift */; };
		8EE9256F1E76EAF2005DDDB3 /* SlideMenuVC.swift in Sources */ = {isa = PBXBuildFile; fileRef = 8EE9256E1E76EAF2005DDDB3 /* SlideMenuVC.swift */; };
		8EFA04EF1E75F2800033C1CE /* GoogleService-Info.plist in Resources */ = {isa = PBXBuildFile; fileRef = 8EFA04EE1E75F2800033C1CE /* GoogleService-Info.plist */; };
/* End PBXBuildFile section */

/* Begin PBXFileReference section */
		06BEA2573591AE71DA4D2396 /* Pods_iShopApp.framework */ = {isa = PBXFileReference; explicitFileType = wrapper.framework; includeInIndex = 0; path = Pods_iShopApp.framework; sourceTree = BUILT_PRODUCTS_DIR; };
		659EA765968DD51BFED46447 /* Pods-iShopApp.debug.xcconfig */ = {isa = PBXFileReference; includeInIndex = 1; lastKnownFileType = text.xcconfig; name = "Pods-iShopApp.debug.xcconfig"; path = "Pods/Target Support Files/Pods-iShopApp/Pods-iShopApp.debug.xcconfig"; sourceTree = "<group>"; };
		6B1A6F57C9D7C4F3C888A6DA /* Pods-iShopApp.release.xcconfig */ = {isa = PBXFileReference; includeInIndex = 1; lastKnownFileType = text.xcconfig; name = "Pods-iShopApp.release.xcconfig"; path = "Pods/Target Support Files/Pods-iShopApp/Pods-iShopApp.release.xcconfig"; sourceTree = "<group>"; };
		8E0832581E7579F0001F6B64 /* iShopApp.app */ = {isa = PBXFileReference; explicitFileType = wrapper.application; includeInIndex = 0; path = iShopApp.app; sourceTree = BUILT_PRODUCTS_DIR; };
		8E08325B1E7579F0001F6B64 /* AppDelegate.swift */ = {isa = PBXFileReference; lastKnownFileType = sourcecode.swift; path = AppDelegate.swift; sourceTree = "<group>"; };
		8E08325D1E7579F0001F6B64 /* LoginVC.swift */ = {isa = PBXFileReference; lastKnownFileType = sourcecode.swift; path = LoginVC.swift; sourceTree = "<group>"; };
		8E0832601E7579F0001F6B64 /* Base */ = {isa = PBXFileReference; lastKnownFileType = file.storyboard; name = Base; path = Base.lproj/Main.storyboard; sourceTree = "<group>"; };
		8E0832621E7579F0001F6B64 /* Assets.xcassets */ = {isa = PBXFileReference; lastKnownFileType = folder.assetcatalog; path = Assets.xcassets; sourceTree = "<group>"; };
		8E0832651E7579F0001F6B64 /* Base */ = {isa = PBXFileReference; lastKnownFileType = file.storyboard; name = Base; path = Base.lproj/LaunchScreen.storyboard; sourceTree = "<group>"; };
		8E0832671E7579F0001F6B64 /* Info.plist */ = {isa = PBXFileReference; lastKnownFileType = text.plist.xml; path = Info.plist; sourceTree = "<group>"; };
		8E08326E1E757B26001F6B64 /* RemachineScript_Personal_Use.ttf */ = {isa = PBXFileReference; lastKnownFileType = file; path = RemachineScript_Personal_Use.ttf; sourceTree = "<group>"; };
		8E0832701E757B36001F6B64 /* DroidSerif-Bold.ttf */ = {isa = PBXFileReference; lastKnownFileType = file; path = "DroidSerif-Bold.ttf"; sourceTree = "<group>"; };
		8E0832711E757B36001F6B64 /* DroidSerif-BoldItalic.ttf */ = {isa = PBXFileReference; lastKnownFileType = file; path = "DroidSerif-BoldItalic.ttf"; sourceTree = "<group>"; };
		8E0832721E757B36001F6B64 /* DroidSerif-Italic.ttf */ = {isa = PBXFileReference; lastKnownFileType = file; path = "DroidSerif-Italic.ttf"; sourceTree = "<group>"; };
		8E0832731E757B36001F6B64 /* DroidSerif-Regular.ttf */ = {isa = PBXFileReference; lastKnownFileType = file; path = "DroidSerif-Regular.ttf"; sourceTree = "<group>"; };
		8E2049881E76B1C100FF0DE4 /* MainVC.swift */ = {isa = PBXFileReference; fileEncoding = 4; lastKnownFileType = sourcecode.swift; path = MainVC.swift; sourceTree = "<group>"; };
		8E724CB91E793EEC00984B69 /* WomenVC.swift */ = {isa = PBXFileReference; fileEncoding = 4; lastKnownFileType = sourcecode.swift; path = WomenVC.swift; sourceTree = "<group>"; };
		8E724CBB1E79407100984B69 /* WomenItemsCell.swift */ = {isa = PBXFileReference; fileEncoding = 4; lastKnownFileType = sourcecode.swift; path = WomenItemsCell.swift; sourceTree = "<group>"; };
		8E724CBE1E79414000984B69 /* DataService.swift */ = {isa = PBXFileReference; fileEncoding = 4; lastKnownFileType = sourcecode.swift; path = DataService.swift; sourceTree = "<group>"; };
		8E724CC01E79429500984B69 /* Item.swift */ = {isa = PBXFileReference; fileEncoding = 4; lastKnownFileType = sourcecode.swift; path = Item.swift; sourceTree = "<group>"; };
		8E76A3861E769403009EE371 /* RegisterVC.swift */ = {isa = PBXFileReference; fileEncoding = 4; lastKnownFileType = sourcecode.swift; path = RegisterVC.swift; sourceTree = "<group>"; };
		8E76A3881E769CF7009EE371 /* iShopApp-Bridging-Header.h */ = {isa = PBXFileReference; lastKnownFileType = sourcecode.c.h; path = "iShopApp-Bridging-Header.h"; sourceTree = "<group>"; };
		8E76A38A1E769CF7009EE371 /* SWRevealViewController.h */ = {isa = PBXFileReference; fileEncoding = 4; lastKnownFileType = sourcecode.c.h; path = SWRevealViewController.h; sourceTree = "<group>"; };
		8E76A38B1E769CF7009EE371 /* SWRevealViewController.m */ = {isa = PBXFileReference; fileEncoding = 4; lastKnownFileType = sourcecode.c.objc; path = SWRevealViewController.m; sourceTree = "<group>"; };
		8EE9256A1E76BE1E005DDDB3 /* ImageCollectionCell.swift */ = {isa = PBXFileReference; fileEncoding = 4; lastKnownFileType = sourcecode.swift; path = ImageCollectionCell.swift; sourceTree = "<group>"; };
		8EE9256C1E76CF65005DDDB3 /* Featured.swift */ = {isa = PBXFileReference; fileEncoding = 4; lastKnownFileType = sourcecode.swift; path = Featured.swift; sourceTree = "<group>"; };
		8EE9256E1E76EAF2005DDDB3 /* SlideMenuVC.swift */ = {isa = PBXFileReference; fileEncoding = 4; lastKnownFileType = sourcecode.swift; path = SlideMenuVC.swift; sourceTree = "<group>"; };
		8EFA04EE1E75F2800033C1CE /* GoogleService-Info.plist */ = {isa = PBXFileReference; fileEncoding = 4; lastKnownFileType = text.plist.xml; path = "GoogleService-Info.plist"; sourceTree = "<group>"; };
		8EFA04F41E75FC0A0033C1CE /* iShopApp.entitlements */ = {isa = PBXFileReference; lastKnownFileType = text.plist.entitlements; path = iShopApp.entitlements; sourceTree = "<group>"; };
/* End PBXFileReference section */

/* Begin PBXFrameworksBuildPhase section */
		8E0832551E7579EF001F6B64 /* Frameworks */ = {
			isa = PBXFrameworksBuildPhase;
			buildActionMask = 2147483647;
			files = (
				29F752947D078B4EE173F834 /* Pods_iShopApp.framework in Frameworks */,
			);
			runOnlyForDeploymentPostprocessing = 0;
		};
/* End PBXFrameworksBuildPhase section */

/* Begin PBXGroup section */
		1321F8C2CE32C23713730D23 /* Pods */ = {
			isa = PBXGroup;
			children = (
				659EA765968DD51BFED46447 /* Pods-iShopApp.debug.xcconfig */,
				6B1A6F57C9D7C4F3C888A6DA /* Pods-iShopApp.release.xcconfig */,
			);
			name = Pods;
			sourceTree = "<group>";
		};
		8E08324F1E7579EF001F6B64 = {
			isa = PBXGroup;
			children = (
				8E08325A1E7579F0001F6B64 /* iShopApp */,
				8E0832591E7579F0001F6B64 /* Products */,
				1321F8C2CE32C23713730D23 /* Pods */,
				FF4372D809AC2CDBB83D9560 /* Frameworks */,
			);
			sourceTree = "<group>";
		};
		8E0832591E7579F0001F6B64 /* Products */ = {
			isa = PBXGroup;
			children = (
				8E0832581E7579F0001F6B64 /* iShopApp.app */,
			);
			name = Products;
			sourceTree = "<group>";
		};
		8E08325A1E7579F0001F6B64 /* iShopApp */ = {
			isa = PBXGroup;
			children = (
				8E724CBD1E79413000984B69 /* Services */,
				8EFA04F31E75F3820033C1CE /* Resources */,
				8E08326D1E757B17001F6B64 /* Custom Fonts */,
				8EFA04F21E75F36D0033C1CE /* Model */,
				8EFA04F11E75F3690033C1CE /* View */,
				8EFA04F01E75F35D0033C1CE /* Controller */,
				8E08325F1E7579F0001F6B64 /* Main.storyboard */,
				8E0832621E7579F0001F6B64 /* Assets.xcassets */,
				8E0832641E7579F0001F6B64 /* LaunchScreen.storyboard */,
			);
			path = iShopApp;
			sourceTree = "<group>";
		};
		8E08326D1E757B17001F6B64 /* Custom Fonts */ = {
			isa = PBXGroup;
			children = (
				8E08326E1E757B26001F6B64 /* RemachineScript_Personal_Use.ttf */,
				8E0832701E757B36001F6B64 /* DroidSerif-Bold.ttf */,
				8E0832711E757B36001F6B64 /* DroidSerif-BoldItalic.ttf */,
				8E0832721E757B36001F6B64 /* DroidSerif-Italic.ttf */,
				8E0832731E757B36001F6B64 /* DroidSerif-Regular.ttf */,
			);
			name = "Custom Fonts";
			sourceTree = "<group>";
		};
		8E724CBD1E79413000984B69 /* Services */ = {
			isa = PBXGroup;
			children = (
				8E724CBE1E79414000984B69 /* DataService.swift */,
			);
			name = Services;
			sourceTree = "<group>";
		};
		8EFA04F01E75F35D0033C1CE /* Controller */ = {
			isa = PBXGroup;
			children = (
				8E08325D1E7579F0001F6B64 /* LoginVC.swift */,
				8E76A3861E769403009EE371 /* RegisterVC.swift */,
				8E2049881E76B1C100FF0DE4 /* MainVC.swift */,
				8E724CB91E793EEC00984B69 /* WomenVC.swift */,
				8EE9256E1E76EAF2005DDDB3 /* SlideMenuVC.swift */,
			);
			name = Controller;
			sourceTree = "<group>";
		};
		8EFA04F11E75F3690033C1CE /* View */ = {
			isa = PBXGroup;
			children = (
				8EE9256A1E76BE1E005DDDB3 /* ImageCollectionCell.swift */,
				8E724CBB1E79407100984B69 /* WomenItemsCell.swift */,
			);
			name = View;
			sourceTree = "<group>";
		};
		8EFA04F21E75F36D0033C1CE /* Model */ = {
			isa = PBXGroup;
			children = (
				8EE9256C1E76CF65005DDDB3 /* Featured.swift */,
				8E724CC01E79429500984B69 /* Item.swift */,
			);
			name = Model;
			sourceTree = "<group>";
		};
		8EFA04F31E75F3820033C1CE /* Resources */ = {
			isa = PBXGroup;
			children = (
				8E76A38A1E769CF7009EE371 /* SWRevealViewController.h */,
				8E76A38B1E769CF7009EE371 /* SWRevealViewController.m */,
				8E76A3881E769CF7009EE371 /* iShopApp-Bridging-Header.h */,
				8E08325B1E7579F0001F6B64 /* AppDelegate.swift */,
				8EFA04EE1E75F2800033C1CE /* GoogleService-Info.plist */,
				8E0832671E7579F0001F6B64 /* Info.plist */,
				8EFA04F41E75FC0A0033C1CE /* iShopApp.entitlements */,
			);
			name = Resources;
			sourceTree = "<group>";
		};
		FF4372D809AC2CDBB83D9560 /* Frameworks */ = {
			isa = PBXGroup;
			children = (
				06BEA2573591AE71DA4D2396 /* Pods_iShopApp.framework */,
			);
			name = Frameworks;
			sourceTree = "<group>";
		};
/* End PBXGroup section */

/* Begin PBXNativeTarget section */
		8E0832571E7579EF001F6B64 /* iShopApp */ = {
			isa = PBXNativeTarget;
			buildConfigurationList = 8E08326A1E7579F0001F6B64 /* Build configuration list for PBXNativeTarget "iShopApp" */;
			buildPhases = (
				16E0D43C4D9F7B6026F24A64 /* [CP] Check Pods Manifest.lock */,
				8E0832541E7579EF001F6B64 /* Sources */,
				8E0832551E7579EF001F6B64 /* Frameworks */,
				8E0832561E7579EF001F6B64 /* Resources */,
				98A79CE6035EEC831A262F37 /* [CP] Embed Pods Frameworks */,
				C79E800958D346433290B40D /* [CP] Copy Pods Resources */,
			);
			buildRules = (
			);
			dependencies = (
			);
			name = iShopApp;
			productName = iShopApp;
			productReference = 8E0832581E7579F0001F6B64 /* iShopApp.app */;
			productType = "com.apple.product-type.application";
		};
/* End PBXNativeTarget section */

/* Begin PBXProject section */
		8E0832501E7579EF001F6B64 /* Project object */ = {
			isa = PBXProject;
			attributes = {
				LastSwiftUpdateCheck = 0800;
				LastUpgradeCheck = 0800;
				ORGANIZATIONNAME = "Kamil Zajac";
				TargetAttributes = {
					8E0832571E7579EF001F6B64 = {
						CreatedOnToolsVersion = 8.0;
						DevelopmentTeam = 296AS6B7EJ;
						LastSwiftMigration = 0800;
						ProvisioningStyle = Automatic;
						SystemCapabilities = {
							com.apple.Keychain = {
								enabled = 1;
							};
						};
					};
				};
			};
			buildConfigurationList = 8E0832531E7579EF001F6B64 /* Build configuration list for PBXProject "iShopApp" */;
			compatibilityVersion = "Xcode 3.2";
			developmentRegion = English;
			hasScannedForEncodings = 0;
			knownRegions = (
				en,
				Base,
			);
			mainGroup = 8E08324F1E7579EF001F6B64;
			productRefGroup = 8E0832591E7579F0001F6B64 /* Products */;
			projectDirPath = "";
			projectRoot = "";
			targets = (
				8E0832571E7579EF001F6B64 /* iShopApp */,
			);
		};
/* End PBXProject section */

/* Begin PBXResourcesBuildPhase section */
		8E0832561E7579EF001F6B64 /* Resources */ = {
			isa = PBXResourcesBuildPhase;
			buildActionMask = 2147483647;
			files = (
				8E0832761E757B36001F6B64 /* DroidSerif-Italic.ttf in Resources */,
				8E08326F1E757B26001F6B64 /* RemachineScript_Personal_Use.ttf in Resources */,
				8EFA04EF1E75F2800033C1CE /* GoogleService-Info.plist in Resources */,
				8E0832661E7579F0001F6B64 /* LaunchScreen.storyboard in Resources */,
				8E0832631E7579F0001F6B64 /* Assets.xcassets in Resources */,
				8E0832771E757B36001F6B64 /* DroidSerif-Regular.ttf in Resources */,
				8E0832741E757B36001F6B64 /* DroidSerif-Bold.ttf in Resources */,
				8E0832751E757B36001F6B64 /* DroidSerif-BoldItalic.ttf in Resources */,
				8E0832611E7579F0001F6B64 /* Main.storyboard in Resources */,
			);
			runOnlyForDeploymentPostprocessing = 0;
		};
/* End PBXResourcesBuildPhase section */

/* Begin PBXShellScriptBuildPhase section */
		16E0D43C4D9F7B6026F24A64 /* [CP] Check Pods Manifest.lock */ = {
			isa = PBXShellScriptBuildPhase;
			buildActionMask = 2147483647;
			files = (
			);
			inputPaths = (
			);
			name = "[CP] Check Pods Manifest.lock";
			outputPaths = (
			);
			runOnlyForDeploymentPostprocessing = 0;
			shellPath = /bin/sh;
			shellScript = "diff \"${PODS_ROOT}/../Podfile.lock\" \"${PODS_ROOT}/Manifest.lock\" > /dev/null\nif [ $? != 0 ] ; then\n    # print error to STDERR\n    echo \"error: The sandbox is not in sync with the Podfile.lock. Run 'pod install' or update your CocoaPods installation.\" >&2\n    exit 1\nfi\n";
			showEnvVarsInLog = 0;
		};
		98A79CE6035EEC831A262F37 /* [CP] Embed Pods Frameworks */ = {
			isa = PBXShellScriptBuildPhase;
			buildActionMask = 2147483647;
			files = (
			);
			inputPaths = (
			);
			name = "[CP] Embed Pods Frameworks";
			outputPaths = (
			);
			runOnlyForDeploymentPostprocessing = 0;
			shellPath = /bin/sh;
			shellScript = "\"${SRCROOT}/Pods/Target Support Files/Pods-iShopApp/Pods-iShopApp-frameworks.sh\"\n";
			showEnvVarsInLog = 0;
		};
		C79E800958D346433290B40D /* [CP] Copy Pods Resources */ = {
			isa = PBXShellScriptBuildPhase;
			buildActionMask = 2147483647;
			files = (
			);
			inputPaths = (
			);
			name = "[CP] Copy Pods Resources";
			outputPaths = (
			);
			runOnlyForDeploymentPostprocessing = 0;
			shellPath = /bin/sh;
			shellScript = "\"${SRCROOT}/Pods/Target Support Files/Pods-iShopApp/Pods-iShopApp-resources.sh\"\n";
			showEnvVarsInLog = 0;
		};
/* End PBXShellScriptBuildPhase section */

/* Begin PBXSourcesBuildPhase section */
		8E0832541E7579EF001F6B64 /* Sources */ = {
			isa = PBXSourcesBuildPhase;
			buildActionMask = 2147483647;
			files = (
				8EE9256D1E76CF65005DDDB3 /* Featured.swift in Sources */,
				8E76A3871E769403009EE371 /* RegisterVC.swift in Sources */,
				8E724CBA1E793EEC00984B69 /* WomenVC.swift in Sources */,
				8E724CBC1E79407100984B69 /* WomenItemsCell.swift in Sources */,
				8E724CC11E79429500984B69 /* Item.swift in Sources */,
				8E2049891E76B1C100FF0DE4 /* MainVC.swift in Sources */,
				8E724CBF1E79414000984B69 /* DataService.swift in Sources */,
				8EE9256F1E76EAF2005DDDB3 /* SlideMenuVC.swift in Sources */,
				8E08325E1E7579F0001F6B64 /* LoginVC.swift in Sources */,
				8EE9256B1E76BE1E005DDDB3 /* ImageCollectionCell.swift in Sources */,
				8E08325C1E7579F0001F6B64 /* AppDelegate.swift in Sources */,
				8E76A38C1E769CF7009EE371 /* SWRevealViewController.m in Sources */,
			);
			runOnlyForDeploymentPostprocessing = 0;
		};
/* End PBXSourcesBuildPhase section */

/* Begin PBXVariantGroup section */
		8E08325F1E7579F0001F6B64 /* Main.storyboard */ = {
			isa = PBXVariantGroup;
			children = (
				8E0832601E7579F0001F6B64 /* Base */,
			);
			name = Main.storyboard;
			sourceTree = "<group>";
		};
		8E0832641E7579F0001F6B64 /* LaunchScreen.storyboard */ = {
			isa = PBXVariantGroup;
			children = (
				8E0832651E7579F0001F6B64 /* Base */,
			);
			name = LaunchScreen.storyboard;
			sourceTree = "<group>";
		};
/* End PBXVariantGroup section */

/* Begin XCBuildConfiguration section */
		8E0832681E7579F0001F6B64 /* Debug */ = {
			isa = XCBuildConfiguration;
			buildSettings = {
				ALWAYS_SEARCH_USER_PATHS = NO;
				CLANG_ANALYZER_NONNULL = YES;
				CLANG_CXX_LANGUAGE_STANDARD = "gnu++0x";
				CLANG_CXX_LIBRARY = "libc++";
				CLANG_ENABLE_MODULES = YES;
				CLANG_ENABLE_OBJC_ARC = YES;
				CLANG_WARN_BOOL_CONVERSION = YES;
				CLANG_WARN_CONSTANT_CONVERSION = YES;
				CLANG_WARN_DIRECT_OBJC_ISA_USAGE = YES_ERROR;
				CLANG_WARN_DOCUMENTATION_COMMENTS = YES;
				CLANG_WARN_EMPTY_BODY = YES;
				CLANG_WARN_ENUM_CONVERSION = YES;
				CLANG_WARN_INFINITE_RECURSION = YES;
				CLANG_WARN_INT_CONVERSION = YES;
				CLANG_WARN_OBJC_ROOT_CLASS = YES_ERROR;
				CLANG_WARN_SUSPICIOUS_MOVES = YES;
				CLANG_WARN_UNREACHABLE_CODE = YES;
				CLANG_WARN__DUPLICATE_METHOD_MATCH = YES;
				"CODE_SIGN_IDENTITY[sdk=iphoneos*]" = "iPhone Developer";
				COPY_PHASE_STRIP = NO;
				DEBUG_INFORMATION_FORMAT = dwarf;
				ENABLE_STRICT_OBJC_MSGSEND = YES;
				ENABLE_TESTABILITY = YES;
				GCC_C_LANGUAGE_STANDARD = gnu99;
				GCC_DYNAMIC_NO_PIC = NO;
				GCC_NO_COMMON_BLOCKS = YES;
				GCC_OPTIMIZATION_LEVEL = 0;
				GCC_PREPROCESSOR_DEFINITIONS = (
					"DEBUG=1",
					"$(inherited)",
				);
				GCC_WARN_64_TO_32_BIT_CONVERSION = YES;
				GCC_WARN_ABOUT_RETURN_TYPE = YES_ERROR;
				GCC_WARN_UNDECLARED_SELECTOR = YES;
				GCC_WARN_UNINITIALIZED_AUTOS = YES_AGGRESSIVE;
				GCC_WARN_UNUSED_FUNCTION = YES;
				GCC_WARN_UNUSED_VARIABLE = YES;
				IPHONEOS_DEPLOYMENT_TARGET = 10.0;
				MTL_ENABLE_DEBUG_INFO = YES;
				ONLY_ACTIVE_ARCH = YES;
				SDKROOT = iphoneos;
				SWIFT_ACTIVE_COMPILATION_CONDITIONS = DEBUG;
				SWIFT_OPTIMIZATION_LEVEL = "-Onone";
			};
			name = Debug;
		};
		8E0832691E7579F0001F6B64 /* Release */ = {
			isa = XCBuildConfiguration;
			buildSettings = {
				ALWAYS_SEARCH_USER_PATHS = NO;
				CLANG_ANALYZER_NONNULL = YES;
				CLANG_CXX_LANGUAGE_STANDARD = "gnu++0x";
				CLANG_CXX_LIBRARY = "libc++";
				CLANG_ENABLE_MODULES = YES;
				CLANG_ENABLE_OBJC_ARC = YES;
				CLANG_WARN_BOOL_CONVERSION = YES;
				CLANG_WARN_CONSTANT_CONVERSION = YES;
				CLANG_WARN_DIRECT_OBJC_ISA_USAGE = YES_ERROR;
				CLANG_WARN_DOCUMENTATION_COMMENTS = YES;
				CLANG_WARN_EMPTY_BODY = YES;
				CLANG_WARN_ENUM_CONVERSION = YES;
				CLANG_WARN_INFINITE_RECURSION = YES;
				CLANG_WARN_INT_CONVERSION = YES;
				CLANG_WARN_OBJC_ROOT_CLASS = YES_ERROR;
				CLANG_WARN_SUSPICIOUS_MOVES = YES;
				CLANG_WARN_UNREACHABLE_CODE = YES;
				CLANG_WARN__DUPLICATE_METHOD_MATCH = YES;
				"CODE_SIGN_IDENTITY[sdk=iphoneos*]" = "iPhone Developer";
				COPY_PHASE_STRIP = NO;
				DEBUG_INFORMATION_FORMAT = "dwarf-with-dsym";
				ENABLE_NS_ASSERTIONS = NO;
				ENABLE_STRICT_OBJC_MSGSEND = YES;
				GCC_C_LANGUAGE_STANDARD = gnu99;
				GCC_NO_COMMON_BLOCKS = YES;
				GCC_WARN_64_TO_32_BIT_CONVERSION = YES;
				GCC_WARN_ABOUT_RETURN_TYPE = YES_ERROR;
				GCC_WARN_UNDECLARED_SELECTOR = YES;
				GCC_WARN_UNINITIALIZED_AUTOS = YES_AGGRESSIVE;
				GCC_WARN_UNUSED_FUNCTION = YES;
				GCC_WARN_UNUSED_VARIABLE = YES;
				IPHONEOS_DEPLOYMENT_TARGET = 10.0;
				MTL_ENABLE_DEBUG_INFO = NO;
				SDKROOT = iphoneos;
				SWIFT_OPTIMIZATION_LEVEL = "-Owholemodule";
				VALIDATE_PRODUCT = YES;
			};
			name = Release;
		};
		8E08326B1E7579F0001F6B64 /* Debug */ = {
			isa = XCBuildConfiguration;
			baseConfigurationReference = 659EA765968DD51BFED46447 /* Pods-iShopApp.debug.xcconfig */;
			buildSettings = {
				ASSETCATALOG_COMPILER_APPICON_NAME = AppIcon;
				CLANG_ENABLE_MODULES = YES;
				CODE_SIGN_ENTITLEMENTS = iShopApp/iShopApp.entitlements;
				DEVELOPMENT_TEAM = 296AS6B7EJ;
				INFOPLIST_FILE = iShopApp/Info.plist;
				LD_RUNPATH_SEARCH_PATHS = "$(inherited) @executable_path/Frameworks";
				PRODUCT_BUNDLE_IDENTIFIER = com.myProjects.iShopApp;
				PRODUCT_NAME = "$(TARGET_NAME)";
				SWIFT_OBJC_BRIDGING_HEADER = "iShopApp/iShopApp-Bridging-Header.h";
				SWIFT_OPTIMIZATION_LEVEL = "-Onone";
				SWIFT_VERSION = 3.0;
			};
			name = Debug;
		};
		8E08326C1E7579F0001F6B64 /* Release */ = {
			isa = XCBuildConfiguration;
			baseConfigurationReference = 6B1A6F57C9D7C4F3C888A6DA /* Pods-iShopApp.release.xcconfig */;
			buildSettings = {
				ASSETCATALOG_COMPILER_APPICON_NAME = AppIcon;
				CLANG_ENABLE_MODULES = YES;
				CODE_SIGN_ENTITLEMENTS = iShopApp/iShopApp.entitlements;
				DEVELOPMENT_TEAM = 296AS6B7EJ;
				INFOPLIST_FILE = iShopApp/Info.plist;
				LD_RUNPATH_SEARCH_PATHS = "$(inherited) @executable_path/Frameworks";
				PRODUCT_BUNDLE_IDENTIFIER = com.myProjects.iShopApp;
				PRODUCT_NAME = "$(TARGET_NAME)";
				SWIFT_OBJC_BRIDGING_HEADER = "iShopApp/iShopApp-Bridging-Header.h";
				SWIFT_VERSION = 3.0;
			};
			name = Release;
		};
/* End XCBuildConfiguration section */

/* Begin XCConfigurationList section */
		8E0832531E7579EF001F6B64 /* Build configuration list for PBXProject "iShopApp" */ = {
			isa = XCConfigurationList;
			buildConfigurations = (
				8E0832681E7579F0001F6B64 /* Debug */,
				8E0832691E7579F0001F6B64 /* Release */,
			);
			defaultConfigurationIsVisible = 0;
			defaultConfigurationName = Release;
		};
		8E08326A1E7579F0001F6B64 /* Build configuration list for PBXNativeTarget "iShopApp" */ = {
			isa = XCConfigurationList;
			buildConfigurations = (
				8E08326B1E7579F0001F6B64 /* Debug */,
				8E08326C1E7579F0001F6B64 /* Release */,
			);
			defaultConfigurationIsVisible = 0;
			defaultConfigurationName = Release;
		};
/* End XCConfigurationList section */
	};
	rootObject = 8E0832501E7579EF001F6B64 /* Project object */;
}
